{"version":4,"terraform_version":"1.11.6","serial":10,"lineage":"c3cd30f3-37e2-e731-2b54-005c6f39641d","outputs":{"netbird_client_id":{"value":"h0POBdcQdUGBfcuslQ9OmGw1OyrlTX7aixuAejC8","type":"string","sensitive":true},"netbird_client_secret":{"value":"juPccIFXCrrEHOLqHNhVmp1qO3EPbWkDhD91ZLXbferPpwQfwlrDXpYtIAhGHGrmI3KxshXUI4NK1MIC3dZn9hYmQPxjmzvxeRVdntxE4vZNRrIX6S7Dm5u7fzxhwBVY","type":"string","sensitive":true},"netbird_issuer_url":{"value":"https://auth.cryptic-coders.net/application/o/netbird/","type":"string"},"netbird_oauth_secret":{"value":"netbird/netbird-oauth-credentials","type":"string"}},"resources":[{"mode":"data","type":"kubernetes_secret","name":"netbird_oauth","provider":"provider[\"registry.opentofu.org/hashicorp/kubernetes\"]","instances":[{"schema_version":0,"attributes":{"binary_data":null,"data":{"client_id":"h0POBdcQdUGBfcuslQ9OmGw1OyrlTX7aixuAejC8","client_secret":"juPccIFXCrrEHOLqHNhVmp1qO3EPbWkDhD91ZLXbferPpwQfwlrDXpYtIAhGHGrmI3KxshXUI4NK1MIC3dZn9hYmQPxjmzvxeRVdntxE4vZNRrIX6S7Dm5u7fzxhwBVY"},"id":"netbird/netbird-oauth-credentials","immutable":false,"metadata":[{"annotations":{"kubectl.kubernetes.io/last-applied-configuration":"{\"apiVersion\":\"v1\",\"data\":{\"client_id\":\"aDBQT0JkY1FkVUdCZmN1c2xROU9tR3cxT3lybFRYN2FpeHVBZWpDOA==\",\"client_secret\":\"anVQY2NJRlhDcnJFSE9McUhOaFZtcDFxTzNFUGJXa0RoRDkxWkxYYmZlclBwd1Fmd2xyRFhwWXRJQWhHSEdybUkzS3hzaFhVSTROSzFNSUMzZFpuOWhZbVFQeGptenZ4ZVJWZG50eEU0dlpOUnJJWDZTN0RtNXU3Znp4aHdCVlk=\"},\"kind\":\"Secret\",\"metadata\":{\"annotations\":{},\"name\":\"netbird-oauth-credentials\",\"namespace\":\"netbird\"}}\n"},"generate_name":"","generation":0,"labels":{},"name":"netbird-oauth-credentials","namespace":"netbird","resource_version":"57134","uid":"f26416a8-fbf4-47c5-8fb5-86c3608a2b60"}],"type":"Opaque"},"sensitive_attributes":[]}]},{"mode":"managed","type":"kubernetes_config_map","name":"setup_script","provider":"provider[\"registry.opentofu.org/hashicorp/kubernetes\"]","instances":[{"schema_version":0,"attributes":{"binary_data":null,"data":{"setup.sh":"#!/bin/sh\nset -euo pipefail\n\nAUTHENTIK_NS=\"authentik\"\nNETBIRD_NS=\"netbird\"\nNETBIRD_FQDN=\"vpn.cryptic-coders.net\"\nAUTHENTIK_FQDN=\"auth.cryptic-coders.net\"\nSECRET_NAME=\"netbird-oauth-credentials\"\nREDIRECT_URI_1=\"https://vpn.cryptic-coders.net/nb-auth\"\nREDIRECT_URI_2=\"https://vpn.cryptic-coders.net/nb-silent-auth\"\nREDIRECT_URI_3=\"https://vpn.cryptic-coders.net/api/identity-providers/callback\"\n\necho \"=== Authentik NetBird OAuth Setup ===\"\n\n# 1. Get Authentik bootstrap credentials\necho \"Reading Authentik bootstrap token...\"\nBOOTSTRAP_TOKEN=$(kubectl get secret authentik-env -n \"$AUTHENTIK_NS\" \\\n  -o jsonpath='{.data.AUTHENTIK_BOOTSTRAP_TOKEN}' | base64 -d)\nAUTHENTIK_URL=\"http://authentik-server.$AUTHENTIK_NS.svc.cluster.local:80\"\n\n# Fetch default authorization flow (implicit consent) and invalidation flow\necho \"Fetching default flows...\"\nFLOWS=$(curl -s -H \"Authorization: Bearer $BOOTSTRAP_TOKEN\" \\\n  \"$AUTHENTIK_URL/api/v3/flows/instances/\")\nAUTH_FLOW=$(echo \"$FLOWS\" | jq -r '.results[] | select(.designation == \"authorization\") | .pk' 2\u003e/dev/null | head -1)\nINVALID_FLOW=$(echo \"$FLOWS\" | jq -r '.results[] | select(.designation == \"invalidation\") | .pk' 2\u003e/dev/null | head -1)\necho \"Authorization flow: $AUTH_FLOW\"\necho \"Invalidation flow: $INVALID_FLOW\"\n\nbuild_provider_json() {\n  jq -n \\\n    --arg name \"netbird\" \\\n    --arg client_type \"confidential\" \\\n    --arg auth_flow \"$AUTH_FLOW\" \\\n    --arg invalid_flow \"$INVALID_FLOW\" \\\n    --arg uri1 \"$REDIRECT_URI_1\" \\\n    --arg uri2 \"$REDIRECT_URI_2\" \\\n    --arg uri3 \"$REDIRECT_URI_3\" \\\n    '{\n      name: $name,\n      client_type: $client_type,\n      authorization_flow: $auth_flow,\n      invalidation_flow: $invalid_flow,\n      redirect_uris: [{url: $uri1, matching_mode: \"strict\"}, {url: $uri2, matching_mode: \"strict\"}, {url: $uri3, matching_mode: \"strict\"}],\n      token_validity: 14400,\n      sub_mode: \"hashed_user_id\"\n    }'\n}\n\nbuild_app_json() {\n  jq -n \\\n    --arg name \"NetBird\" \\\n    --arg slug \"netbird\" \\\n    --arg provider_pk \"${PROVIDER_PK}\" \\\n    --arg url \"https://$NETBIRD_FQDN\" \\\n    '{\n      name: $name,\n      slug: $slug,\n      provider: (try ($provider_pk | tonumber) catch 0),\n      meta_launch_url: $url,\n      open_in_new_tab: true\n    }'\n}\n\n# 2. Check if provider already exists (idempotent)\necho \"Checking for existing NetBird OAuth2 provider...\"\nPROVIDER_LIST=$(curl -s -H \"Authorization: Bearer $BOOTSTRAP_TOKEN\" \\\n  \"$AUTHENTIK_URL/api/v3/providers/oauth2/\")\nEXISTING_PROVIDER=$(echo \"$PROVIDER_LIST\" | jq -r '.results[] | select(.name == \"netbird\") | .pk' 2\u003e/dev/null || echo \"\")\n\nCLIENT_ID=\"\"\nCLIENT_SECRET=\"\"\n\nif [ -n \"$EXISTING_PROVIDER\" ]; then\n  echo \"Provider already exists (pk=$EXISTING_PROVIDER), updating...\"\n  PROVIDER_PK=$EXISTING_PROVIDER\n  PAYLOAD=$(build_provider_json)\n  HTTP_CODE=$(curl -s -o /dev/null -w \"%{http_code}\" -X PUT \\\n    -H \"Authorization: Bearer $BOOTSTRAP_TOKEN\" \\\n    -H \"Content-Type: application/json\" \\\n    -d \"$PAYLOAD\" \\\n    \"$AUTHENTIK_URL/api/v3/providers/oauth2/$PROVIDER_PK/\")\n  echo \"Update provider HTTP status: $HTTP_CODE\"\nelse\n  echo \"Creating new OAuth2 provider...\"\n  PAYLOAD=$(build_provider_json)\n  PROVIDER_RESP=$(curl -s -X POST \\\n    -H \"Authorization: Bearer $BOOTSTRAP_TOKEN\" \\\n    -H \"Content-Type: application/json\" \\\n    -d \"$PAYLOAD\" \\\n    \"$AUTHENTIK_URL/api/v3/providers/oauth2/\")\n  echo \"Create response: $(echo \"$PROVIDER_RESP\" | head -c 300)\"\n  PROVIDER_PK=$(echo \"$PROVIDER_RESP\" | jq -r '.pk // .provider_id // .id' 2\u003e/dev/null || echo \"\")\n  CLIENT_ID=$(echo \"$PROVIDER_RESP\" | jq -r '.client_id' 2\u003e/dev/null || echo \"\")\n  CLIENT_SECRET=$(echo \"$PROVIDER_RESP\" | jq -r '.client_secret' 2\u003e/dev/null || echo \"\")\nfi\n\n# If no client_secret yet (e.g. update), fetch it\nif [ -z \"$CLIENT_SECRET\" ] || [ \"$CLIENT_SECRET\" = \"null\" ]; then\n  echo \"Fetching client credentials...\"\n  PROVIDER_DATA=$(curl -s -H \"Authorization: Bearer $BOOTSTRAP_TOKEN\" \\\n    \"$AUTHENTIK_URL/api/v3/providers/oauth2/$PROVIDER_PK/\")\n  CLIENT_ID=$(echo \"$PROVIDER_DATA\" | jq -r '.client_id')\n  CLIENT_SECRET=$(echo \"$PROVIDER_DATA\" | jq -r '.client_secret')\nfi\necho \"Client ID: $CLIENT_ID\"\n\n# 3. Create/update the Application\necho \"Setting up Application...\"\nAPP_LIST=$(curl -s -H \"Authorization: Bearer $BOOTSTRAP_TOKEN\" \\\n  \"$AUTHENTIK_URL/api/v3/core/applications/\")\nEXISTING_APP=$(echo \"$APP_LIST\" | jq -r '.results[] | select(.slug == \"netbird\") | .pk' 2\u003e/dev/null || echo \"\")\n\nif [ -n \"$EXISTING_APP\" ]; then\n  echo \"Updating existing application (pk=$EXISTING_APP)...\"\n  PAYLOAD=$(build_app_json)\n  HTTP_CODE=$(curl -s -o /dev/null -w \"%{http_code}\" -X PUT \\\n    -H \"Authorization: Bearer $BOOTSTRAP_TOKEN\" \\\n    -H \"Content-Type: application/json\" \\\n    -d \"$PAYLOAD\" \\\n    \"$AUTHENTIK_URL/api/v3/core/applications/$EXISTING_APP/\")\n  echo \"Update app HTTP status: $HTTP_CODE\"\nelse\n  echo \"Creating new Application...\"\n  PAYLOAD=$(build_app_json)\n  APP_RESP=$(curl -s -X POST \\\n    -H \"Authorization: Bearer $BOOTSTRAP_TOKEN\" \\\n    -H \"Content-Type: application/json\" \\\n    -d \"$PAYLOAD\" \\\n    \"$AUTHENTIK_URL/api/v3/core/applications/\")\n  echo \"App create: $(echo \"$APP_RESP\" | head -c 200)\"\nfi\n\n# 4. Store credentials in a Kubernetes Secret\necho \"Storing OAuth credentials in Secret...\"\nkubectl create secret generic \"$SECRET_NAME\" -n \"$NETBIRD_NS\" \\\n  --dry-run=client -o yaml \\\n  --from-literal=client_id=\"$CLIENT_ID\" \\\n  --from-literal=client_secret=\"$CLIENT_SECRET\" \\\n  | kubectl apply -f -\n\necho \"\"\necho \"=== Done ===\"\necho \"Issuer URL: https://$AUTHENTIK_FQDN/application/o/netbird/\"\n"},"id":"netbird/setup-netbird-oauth-script","immutable":false,"metadata":[{"annotations":null,"generate_name":"","generation":0,"labels":null,"name":"setup-netbird-oauth-script","namespace":"netbird","resource_version":"59828","uid":"85e28d21-f5fe-46e6-9cc6-272a5658bcd9"}]},"sensitive_attributes":[],"private":"bnVsbA=="}]},{"mode":"managed","type":"kubernetes_job_v1","name":"setup_netbird_oauth","provider":"provider[\"registry.opentofu.org/hashicorp/kubernetes\"]","instances":[{"schema_version":1,"attributes":{"id":"netbird/setup-netbird-oauth","metadata":[{"annotations":null,"generate_name":"","generation":0,"labels":{},"name":"setup-netbird-oauth","namespace":"netbird","resource_version":"","uid":""}],"spec":[{"active_deadline_seconds":0,"backoff_limit":3,"backoff_limit_per_index":0,"completion_mode":"","completions":1,"manual_selector":false,"max_failed_indexes":0,"parallelism":1,"pod_failure_policy":[],"selector":[],"template":[{"metadata":[{"annotations":null,"generate_name":"","generation":0,"labels":null,"name":"","resource_version":"","uid":""}],"spec":[{"active_deadline_seconds":0,"affinity":[],"automount_service_account_token":true,"container":[{"args":null,"command":["/bin/bash","/scripts/setup.sh"],"env":[],"env_from":[],"image":"bitnami/kubectl:latest","image_pull_policy":"","lifecycle":[],"liveness_probe":[],"name":"setup","port":[],"readiness_probe":[],"resources":[],"security_context":[],"startup_probe":[],"stdin":false,"stdin_once":false,"termination_message_path":"/dev/termination-log","termination_message_policy":"","tty":false,"volume_device":[],"volume_mount":[{"mount_path":"/scripts","mount_propagation":"None","name":"script","read_only":false,"sub_path":"","sub_path_expr":""}],"working_dir":""}],"dns_config":[],"dns_policy":"ClusterFirst","enable_service_links":true,"host_aliases":[],"host_ipc":false,"host_network":false,"host_pid":false,"hostname":"","image_pull_secrets":[],"init_container":[],"node_name":"","node_selector":null,"os":[],"priority_class_name":"","readiness_gate":[],"restart_policy":"Never","runtime_class_name":"","scheduler_name":"","security_context":[],"service_account_name":"setup-netbird-oauth","share_process_namespace":false,"subdomain":"","termination_grace_period_seconds":30,"toleration":[],"topology_spread_constraint":[],"volume":[{"aws_elastic_block_store":[],"azure_disk":[],"azure_file":[],"ceph_fs":[],"cinder":[],"config_map":[{"default_mode":"0755","items":[],"name":"setup-netbird-oauth-script","optional":false}],"csi":[],"downward_api":[],"empty_dir":[],"ephemeral":[],"fc":[],"flex_volume":[],"flocker":[],"gce_persistent_disk":[],"git_repo":[],"glusterfs":[],"host_path":[],"iscsi":[],"local":[],"name":"script","nfs":[],"persistent_volume_claim":[],"photon_persistent_disk":[],"projected":[],"quobyte":[],"rbd":[],"secret":[],"vsphere_volume":[]}]}]}],"ttl_seconds_after_finished":""}],"timeouts":null,"wait_for_completion":true},"sensitive_attributes":[],"private":"eyJlMmJmYjczMC1lY2FhLTExZTYtOGY4OC0zNDM2M2JjN2M0YzAiOnsiY3JlYXRlIjo2MDAwMDAwMDAwMCwiZGVsZXRlIjo2MDAwMDAwMDAwMCwidXBkYXRlIjo2MDAwMDAwMDAwMH0sInNjaGVtYV92ZXJzaW9uIjoiMSJ9","dependencies":["kubernetes_config_map.setup_script","kubernetes_role.manage_netbird_secrets","kubernetes_role.read_authentik_secrets","kubernetes_role_binding.manage_netbird_secrets","kubernetes_role_binding.read_authentik_secrets","kubernetes_service_account.setup"]}]},{"mode":"managed","type":"kubernetes_role","name":"manage_netbird_secrets","provider":"provider[\"registry.opentofu.org/hashicorp/kubernetes\"]","instances":[{"schema_version":0,"attributes":{"id":"netbird/manage-netbird-secrets","metadata":[{"annotations":{},"generate_name":"","generation":0,"labels":{},"name":"manage-netbird-secrets","namespace":"netbird","resource_version":"57112","uid":"53637dcc-1d2e-4a00-880b-f3846cf18a94"}],"rule":[{"api_groups":[""],"resource_names":[],"resources":["secrets"],"verbs":["create","delete","get","patch","update"]}]},"sensitive_attributes":[],"private":"bnVsbA=="}]},{"mode":"managed","type":"kubernetes_role","name":"read_authentik_secrets","provider":"provider[\"registry.opentofu.org/hashicorp/kubernetes\"]","instances":[{"schema_version":0,"attributes":{"id":"authentik/read-authentik-secrets","metadata":[{"annotations":{},"generate_name":"","generation":0,"labels":{},"name":"read-authentik-secrets","namespace":"authentik","resource_version":"21686","uid":"89b6c30f-2867-4f30-a2c5-00c6982f7cd0"}],"rule":[{"api_groups":[""],"resource_names":["authentik-env"],"resources":["secrets"],"verbs":["get"]}]},"sensitive_attributes":[],"private":"bnVsbA=="}]},{"mode":"managed","type":"kubernetes_role_binding","name":"manage_netbird_secrets","provider":"provider[\"registry.opentofu.org/hashicorp/kubernetes\"]","instances":[{"schema_version":0,"attributes":{"id":"netbird/manage-netbird-secrets","metadata":[{"annotations":{},"generate_name":"","generation":0,"labels":{},"name":"manage-netbird-secrets","namespace":"netbird","resource_version":"57114","uid":"3c834f8e-d3b3-4b17-a4eb-79b93c2f798b"}],"role_ref":[{"api_group":"rbac.authorization.k8s.io","kind":"Role","name":"manage-netbird-secrets"}],"subject":[{"api_group":"","kind":"ServiceAccount","name":"setup-netbird-oauth","namespace":"netbird"}]},"sensitive_attributes":[],"private":"bnVsbA==","dependencies":["kubernetes_role.manage_netbird_secrets","kubernetes_service_account.setup"]}]},{"mode":"managed","type":"kubernetes_role_binding","name":"read_authentik_secrets","provider":"provider[\"registry.opentofu.org/hashicorp/kubernetes\"]","instances":[{"schema_version":0,"attributes":{"id":"authentik/read-authentik-secrets","metadata":[{"annotations":{},"generate_name":"","generation":0,"labels":{},"name":"read-authentik-secrets","namespace":"authentik","resource_version":"21690","uid":"37de594c-56be-4a31-86d2-38192152ef2c"}],"role_ref":[{"api_group":"rbac.authorization.k8s.io","kind":"Role","name":"read-authentik-secrets"}],"subject":[{"api_group":"","kind":"ServiceAccount","name":"setup-netbird-oauth","namespace":"netbird"}]},"sensitive_attributes":[],"private":"bnVsbA==","dependencies":["kubernetes_role.read_authentik_secrets","kubernetes_service_account.setup"]}]},{"mode":"managed","type":"kubernetes_service_account","name":"setup","provider":"provider[\"registry.opentofu.org/hashicorp/kubernetes\"]","instances":[{"schema_version":0,"attributes":{"automount_service_account_token":true,"default_secret_name":"","id":"netbird/setup-netbird-oauth","image_pull_secret":[],"metadata":[{"annotations":{},"generate_name":"","generation":0,"labels":{},"name":"setup-netbird-oauth","namespace":"netbird","resource_version":"57111","uid":"71ef736b-3ddb-4d3c-befb-969613fbf0ed"}],"secret":[],"timeouts":null},"sensitive_attributes":[],"private":"eyJlMmJmYjczMC1lY2FhLTExZTYtOGY4OC0zNDM2M2JjN2M0YzAiOnsiY3JlYXRlIjozMDAwMDAwMDAwMH19"}]}],"check_results":null}
